
Microsoft Visual Studio Solution File, Format Version 12.00
# Visual Studio 14
VisualStudioVersion = 14.0.25123.0
MinimumVisualStudioVersion = 10.0.40219.1
Project("{FAE04EC0-301F-11D3-BF4B-00C04F79EFBC}") = "e.Motion Katarina", "e.Motion Katarina\e.Motion Katarina.csproj", "{B469F033-73C9-433C-BFE3-DC59E2C9AFF6}"
EndProject
Global
	GlobalSection(SolutionConfigurationPlatforms) = preSolution
		Debug|Any CPU = Debug|Any CPU
		Release|Any CPU = Release|Any CPU
	EndGlobalSection
	GlobalSection(ProjectConfigurationPlatforms) = postSolution
		{B469F033-73C9-433C-BFE3-DC59E2C9AFF6}.Debug|Any CPU.ActiveCfg = Debug|Any CPU
		{B469F033-73C9-433C-BFE3-DC59E2C9AFF6}.Debug|Any CPU.Build.0 = Debug|Any CPU
		{B469F033-73C9-433C-BFE3-DC59E2C9AFF6}.Release|Any CPU.ActiveCfg = Release|Any CPU
		{B469F033-73C9-433C-BFE3-DC59E2C9AFF6}.Release|Any CPU.Build.0 = Release|Any CPU
	EndGlobalSection
	GlobalSection(SolutionProperties) = preSolution
		HideSolutionNode = FALSE
	EndGlobalSection
EndGlobal
